github.com/generalzgd/comm-libs v0.0.0-20190923062620-a884e5520268 h1:jw1VQncr3BTrtLoYLtEyeFmCjccU9T2PcL1YGriBqpk=
github.com/generalzgd/comm-libs v0.0.0-20190923062620-a884e5520268/go.mod h1:fMLe7uEZS9mK/LN4wYsxKp5aaYRlzUsfl5Ro+jTsoQA=
github.com/toolkits/slice v0.0.0-20141116085117-e44a80af2484 h1:ERmNDajjCusGqV3uLhlHhRNpvQiGM1S6pd0RSe3LP+w=
github.com/toolkits/slice v0.0.0-20141116085117-e44a80af2484/go.mod h1:2ZKxkgYEh//pN54EFSkJBak63sg0LxQQFjQmpEwxQx0=
